
Microsoft Visual Studio Solution File, Format Version 12.00
# Visual Studio Version 16
VisualStudioVersion = 16.0.30309.148
MinimumVisualStudioVersion = 10.0.40219.1
Project("{FAE04EC0-301F-11D3-BF4B-00C04F79EFBC}") = "Rodriguez.Mobile.Android", "Rodriguez.Mobile\Rodriguez.Mobile.Android\Rodriguez.Mobile.Android.csproj", "{3A137B53-E18D-482F-BCD2-3427EC4B2580}"
EndProject
Project("{FAE04EC0-301F-11D3-BF4B-00C04F79EFBC}") = "Rodriguez.Mobile.iOS", "Rodriguez.Mobile\Rodriguez.Mobile.iOS\Rodriguez.Mobile.iOS.csproj", "{D4DAA972-519B-41D5-A11A-E61CF5865D62}"
EndProject
Project("{FAE04EC0-301F-11D3-BF4B-00C04F79EFBC}") = "Rodriguez.Mobile", "Rodriguez.Mobile\Rodriguez.Mobile\Rodriguez.Mobile.csproj", "{B14EAFB6-9905-4A9C-B9FF-95E892B6ABC4}"
EndProject
Global
	GlobalSection(SolutionConfigurationPlatforms) = preSolution
		Debug|Any CPU = Debug|Any CPU
		Debug|iPhone = Debug|iPhone
		Debug|iPhoneSimulator = Debug|iPhoneSimulator
		Release|Any CPU = Release|Any CPU
		Release|iPhone = Release|iPhone
		Release|iPhoneSimulator = Release|iPhoneSimulator
	EndGlobalSection
	GlobalSection(ProjectConfigurationPlatforms) = postSolution
		{3A137B53-E18D-482F-BCD2-3427EC4B2580}.Debug|Any CPU.ActiveCfg = Debug|Any CPU
		{3A137B53-E18D-482F-BCD2-3427EC4B2580}.Debug|Any CPU.Build.0 = Debug|Any CPU
		{3A137B53-E18D-482F-BCD2-3427EC4B2580}.Debug|Any CPU.Deploy.0 = Debug|Any CPU
		{3A137B53-E18D-482F-BCD2-3427EC4B2580}.Debug|iPhone.ActiveCfg = Debug|Any CPU
		{3A137B53-E18D-482F-BCD2-3427EC4B2580}.Debug|iPhone.Build.0 = Debug|Any CPU
		{3A137B53-E18D-482F-BCD2-3427EC4B2580}.Debug|iPhone.Deploy.0 = Debug|Any CPU
		{3A137B53-E18D-482F-BCD2-3427EC4B2580}.Debug|iPhoneSimulator.ActiveCfg = Debug|Any CPU
		{3A137B53-E18D-482F-BCD2-3427EC4B2580}.Debug|iPhoneSimulator.Build.0 = Debug|Any CPU
		{3A137B53-E18D-482F-BCD2-3427EC4B2580}.Debug|iPhoneSimulator.Deploy.0 = Debug|Any CPU
		{3A137B53-E18D-482F-BCD2-3427EC4B2580}.Release|Any CPU.ActiveCfg = Release|Any CPU
		{3A137B53-E18D-482F-BCD2-3427EC4B2580}.Release|Any CPU.Build.0 = Release|Any CPU
		{3A137B53-E18D-482F-BCD2-3427EC4B2580}.Release|Any CPU.Deploy.0 = Release|Any CPU
		{3A137B53-E18D-482F-BCD2-3427EC4B2580}.Release|iPhone.ActiveCfg = Release|Any CPU
		{3A137B53-E18D-482F-BCD2-3427EC4B2580}.Release|iPhone.Build.0 = Release|Any CPU
		{3A137B53-E18D-482F-BCD2-3427EC4B2580}.Release|iPhone.Deploy.0 = Release|Any CPU
		{3A137B53-E18D-482F-BCD2-3427EC4B2580}.Release|iPhoneSimulator.ActiveCfg = Release|Any CPU
		{3A137B53-E18D-482F-BCD2-3427EC4B2580}.Release|iPhoneSimulator.Build.0 = Release|Any CPU
		{3A137B53-E18D-482F-BCD2-3427EC4B2580}.Release|iPhoneSimulator.Deploy.0 = Release|Any CPU
		{D4DAA972-519B-41D5-A11A-E61CF5865D62}.Debug|Any CPU.ActiveCfg = Debug|iPhone
		{D4DAA972-519B-41D5-A11A-E61CF5865D62}.Debug|Any CPU.Build.0 = Debug|iPhone
		{D4DAA972-519B-41D5-A11A-E61CF5865D62}.Debug|Any CPU.Deploy.0 = Debug|iPhone
		{D4DAA972-519B-41D5-A11A-E61CF5865D62}.Debug|iPhone.ActiveCfg = Debug|iPhone
		{D4DAA972-519B-41D5-A11A-E61CF5865D62}.Debug|iPhone.Build.0 = Debug|iPhone
		{D4DAA972-519B-41D5-A11A-E61CF5865D62}.Debug|iPhone.Deploy.0 = Debug|iPhone
		{D4DAA972-519B-41D5-A11A-E61CF5865D62}.Debug|iPhoneSimulator.ActiveCfg = Debug|iPhoneSimulator
		{D4DAA972-519B-41D5-A11A-E61CF5865D62}.Debug|iPhoneSimulator.Build.0 = Debug|iPhoneSimulator
		{D4DAA972-519B-41D5-A11A-E61CF5865D62}.Debug|iPhoneSimulator.Deploy.0 = Debug|iPhoneSimulator
		{D4DAA972-519B-41D5-A11A-E61CF5865D62}.Release|Any CPU.ActiveCfg = Release|iPhone
		{D4DAA972-519B-41D5-A11A-E61CF5865D62}.Release|Any CPU.Build.0 = Release|iPhone
		{D4DAA972-519B-41D5-A11A-E61CF5865D62}.Release|Any CPU.Deploy.0 = Release|iPhone
		{D4DAA972-519B-41D5-A11A-E61CF5865D62}.Release|iPhone.ActiveCfg = Release|iPhone
		{D4DAA972-519B-41D5-A11A-E61CF5865D62}.Release|iPhone.Build.0 = Release|iPhone
		{D4DAA972-519B-41D5-A11A-E61CF5865D62}.Release|iPhone.Deploy.0 = Release|iPhone
		{D4DAA972-519B-41D5-A11A-E61CF5865D62}.Release|iPhoneSimulator.ActiveCfg = Release|iPhoneSimulator
		{D4DAA972-519B-41D5-A11A-E61CF5865D62}.Release|iPhoneSimulator.Build.0 = Release|iPhoneSimulator
		{D4DAA972-519B-41D5-A11A-E61CF5865D62}.Release|iPhoneSimulator.Deploy.0 = Release|iPhoneSimulator
		{B14EAFB6-9905-4A9C-B9FF-95E892B6ABC4}.Debug|Any CPU.ActiveCfg = Debug|Any CPU
		{B14EAFB6-9905-4A9C-B9FF-95E892B6ABC4}.Debug|Any CPU.Build.0 = Debug|Any CPU
		{B14EAFB6-9905-4A9C-B9FF-95E892B6ABC4}.Debug|Any CPU.Deploy.0 = Debug|Any CPU
		{B14EAFB6-9905-4A9C-B9FF-95E892B6ABC4}.Debug|iPhone.ActiveCfg = Debug|Any CPU
		{B14EAFB6-9905-4A9C-B9FF-95E892B6ABC4}.Debug|iPhone.Build.0 = Debug|Any CPU
		{B14EAFB6-9905-4A9C-B9FF-95E892B6ABC4}.Debug|iPhone.Deploy.0 = Debug|Any CPU
		{B14EAFB6-9905-4A9C-B9FF-95E892B6ABC4}.Debug|iPhoneSimulator.ActiveCfg = Debug|Any CPU
		{B14EAFB6-9905-4A9C-B9FF-95E892B6ABC4}.Debug|iPhoneSimulator.Build.0 = Debug|Any CPU
		{B14EAFB6-9905-4A9C-B9FF-95E892B6ABC4}.Debug|iPhoneSimulator.Deploy.0 = Debug|Any CPU
		{B14EAFB6-9905-4A9C-B9FF-95E892B6ABC4}.Release|Any CPU.ActiveCfg = Release|Any CPU
		{B14EAFB6-9905-4A9C-B9FF-95E892B6ABC4}.Release|Any CPU.Build.0 = Release|Any CPU
		{B14EAFB6-9905-4A9C-B9FF-95E892B6ABC4}.Release|Any CPU.Deploy.0 = Release|Any CPU
		{B14EAFB6-9905-4A9C-B9FF-95E892B6ABC4}.Release|iPhone.ActiveCfg = Release|Any CPU
		{B14EAFB6-9905-4A9C-B9FF-95E892B6ABC4}.Release|iPhone.Build.0 = Release|Any CPU
		{B14EAFB6-9905-4A9C-B9FF-95E892B6ABC4}.Release|iPhone.Deploy.0 = Release|Any CPU
		{B14EAFB6-9905-4A9C-B9FF-95E892B6ABC4}.Release|iPhoneSimulator.ActiveCfg = Release|Any CPU
		{B14EAFB6-9905-4A9C-B9FF-95E892B6ABC4}.Release|iPhoneSimulator.Build.0 = Release|Any CPU
		{B14EAFB6-9905-4A9C-B9FF-95E892B6ABC4}.Release|iPhoneSimulator.Deploy.0 = Release|Any CPU
	EndGlobalSection
	GlobalSection(SolutionProperties) = preSolution
		HideSolutionNode = FALSE
	EndGlobalSection
	GlobalSection(ExtensibilityGlobals) = postSolution
		SolutionGuid = {E8961582-C830-4CC9-8387-887010469C5E}
	EndGlobalSection
EndGlobal
